
Microsoft Visual Studio Solution File, Format Version 12.00
# Visual Studio 15
Project("{FAE04EC0-301F-11D3-BF4B-00C04F79EFBC}") = "Assembly-CSharp", "Assembly-CSharp.csproj", "{28CE9CC1-716A-63A0-1600-BA199DBED7FD}"
EndProject
Project("{FAE04EC0-301F-11D3-BF4B-00C04F79EFBC}") = "PathCreator", "PathCreator.csproj", "{CBB85498-16CB-45E0-38E9-93CBD14B433E}"
EndProject
Project("{FAE04EC0-301F-11D3-BF4B-00C04F79EFBC}") = "PathCreatorEditor", "PathCreatorEditor.csproj", "{B20D8AD6-C7A9-3C5B-D298-630186AA0702}"
EndProject
Project("{FAE04EC0-301F-11D3-BF4B-00C04F79EFBC}") = "Assembly-CSharp-Editor", "Assembly-CSharp-Editor.csproj", "{6C98ED47-4981-ACE2-5FE3-B7443E514159}"
EndProject
Global
	GlobalSection(SolutionConfigurationPlatforms) = preSolution
		Debug|Any CPU = Debug|Any CPU
		Release|Any CPU = Release|Any CPU
	EndGlobalSection
	GlobalSection(ProjectConfigurationPlatforms) = postSolution
		{28CE9CC1-716A-63A0-1600-BA199DBED7FD}.Debug|Any CPU.ActiveCfg = Debug|Any CPU
		{28CE9CC1-716A-63A0-1600-BA199DBED7FD}.Debug|Any CPU.Build.0 = Debug|Any CPU
		{28CE9CC1-716A-63A0-1600-BA199DBED7FD}.Release|Any CPU.ActiveCfg = Release|Any CPU
		{28CE9CC1-716A-63A0-1600-BA199DBED7FD}.Release|Any CPU.Build.0 = Release|Any CPU
		{CBB85498-16CB-45E0-38E9-93CBD14B433E}.Debug|Any CPU.ActiveCfg = Debug|Any CPU
		{CBB85498-16CB-45E0-38E9-93CBD14B433E}.Debug|Any CPU.Build.0 = Debug|Any CPU
		{CBB85498-16CB-45E0-38E9-93CBD14B433E}.Release|Any CPU.ActiveCfg = Release|Any CPU
		{CBB85498-16CB-45E0-38E9-93CBD14B433E}.Release|Any CPU.Build.0 = Release|Any CPU
		{B20D8AD6-C7A9-3C5B-D298-630186AA0702}.Debug|Any CPU.ActiveCfg = Debug|Any CPU
		{B20D8AD6-C7A9-3C5B-D298-630186AA0702}.Debug|Any CPU.Build.0 = Debug|Any CPU
		{B20D8AD6-C7A9-3C5B-D298-630186AA0702}.Release|Any CPU.ActiveCfg = Release|Any CPU
		{B20D8AD6-C7A9-3C5B-D298-630186AA0702}.Release|Any CPU.Build.0 = Release|Any CPU
		{6C98ED47-4981-ACE2-5FE3-B7443E514159}.Debug|Any CPU.ActiveCfg = Debug|Any CPU
		{6C98ED47-4981-ACE2-5FE3-B7443E514159}.Debug|Any CPU.Build.0 = Debug|Any CPU
		{6C98ED47-4981-ACE2-5FE3-B7443E514159}.Release|Any CPU.ActiveCfg = Release|Any CPU
		{6C98ED47-4981-ACE2-5FE3-B7443E514159}.Release|Any CPU.Build.0 = Release|Any CPU
	EndGlobalSection
	GlobalSection(SolutionProperties) = preSolution
		HideSolutionNode = FALSE
	EndGlobalSection
EndGlobal
